// !$*UTF8*$!
{
	archiveVersion = 1;
	classes = {
	};
	objectVersion = 56;
	objects = {

/* Begin PBXBuildFile section */
		0404258129638ADA003D10AB /* TwinThemeChooserViewController.swift in Sources */ = {isa = PBXBuildFile; fileRef = 0404258029638ADA003D10AB /* TwinThemeChooserViewController.swift */; };
		046CFF9D294F986B00480E6A /* Twin.swift in Sources */ = {isa = PBXBuildFile; fileRef = 046CFF9C294F986B00480E6A /* Twin.swift */; };
		046CFF9F294F98CD00480E6A /* Card.swift in Sources */ = {isa = PBXBuildFile; fileRef = 046CFF9E294F98CD00480E6A /* Card.swift */; };
		04705184294F82E00099C425 /* AppDelegate.swift in Sources */ = {isa = PBXBuildFile; fileRef = 04705183294F82E00099C425 /* AppDelegate.swift */; };
		04705186294F82E00099C425 /* SceneDelegate.swift in Sources */ = {isa = PBXBuildFile; fileRef = 04705185294F82E00099C425 /* SceneDelegate.swift */; };
		04705188294F82E00099C425 /* TwinViewController.swift in Sources */ = {isa = PBXBuildFile; fileRef = 04705187294F82E00099C425 /* TwinViewController.swift */; };
		0470518B294F82E00099C425 /* Main.storyboard in Resources */ = {isa = PBXBuildFile; fileRef = 04705189294F82E00099C425 /* Main.storyboard */; };
		0470518D294F82E30099C425 /* Assets.xcassets in Resources */ = {isa = PBXBuildFile; fileRef = 0470518C294F82E30099C425 /* Assets.xcassets */; };
		04705190294F82E30099C425 /* LaunchScreen.storyboard in Resources */ = {isa = PBXBuildFile; fileRef = 0470518E294F82E30099C425 /* LaunchScreen.storyboard */; };
/* End PBXBuildFile section */

/* Begin PBXFileReference section */
		0404258029638ADA003D10AB /* TwinThemeChooserViewController.swift */ = {isa = PBXFileReference; lastKnownFileType = sourcecode.swift; path = TwinThemeChooserViewController.swift; sourceTree = "<group>"; };
		046CFF9C294F986B00480E6A /* Twin.swift */ = {isa = PBXFileReference; lastKnownFileType = sourcecode.swift; path = Twin.swift; sourceTree = "<group>"; };
		046CFF9E294F98CD00480E6A /* Card.swift */ = {isa = PBXFileReference; lastKnownFileType = sourcecode.swift; path = Card.swift; sourceTree = "<group>"; };
		04705180294F82E00099C425 /* Twin Game.app */ = {isa = PBXFileReference; explicitFileType = wrapper.application; includeInIndex = 0; path = "Twin Game.app"; sourceTree = BUILT_PRODUCTS_DIR; };
		04705183294F82E00099C425 /* AppDelegate.swift */ = {isa = PBXFileReference; lastKnownFileType = sourcecode.swift; path = AppDelegate.swift; sourceTree = "<group>"; };
		04705185294F82E00099C425 /* SceneDelegate.swift */ = {isa = PBXFileReference; lastKnownFileType = sourcecode.swift; path = SceneDelegate.swift; sourceTree = "<group>"; };
		04705187294F82E00099C425 /* TwinViewController.swift */ = {isa = PBXFileReference; lastKnownFileType = sourcecode.swift; path = TwinViewController.swift; sourceTree = "<group>"; };
		0470518A294F82E00099C425 /* Base */ = {isa = PBXFileReference; lastKnownFileType = file.storyboard; name = Base; path = Base.lproj/Main.storyboard; sourceTree = "<group>"; };
		0470518C294F82E30099C425 /* Assets.xcassets */ = {isa = PBXFileReference; lastKnownFileType = folder.assetcatalog; path = Assets.xcassets; sourceTree = "<group>"; };
		0470518F294F82E30099C425 /* Base */ = {isa = PBXFileReference; lastKnownFileType = file.storyboard; name = Base; path = Base.lproj/LaunchScreen.storyboard; sourceTree = "<group>"; };
		04705191294F82E30099C425 /* Info.plist */ = {isa = PBXFileReference; lastKnownFileType = text.plist.xml; path = Info.plist; sourceTree = "<group>"; };
/* End PBXFileReference section */

/* Begin PBXFrameworksBuildPhase section */
		0470517D294F82E00099C425 /* Frameworks */ = {
			isa = PBXFrameworksBuildPhase;
			buildActionMask = 2147483647;
			files = (
			);
			runOnlyForDeploymentPostprocessing = 0;
		};
/* End PBXFrameworksBuildPhase section */

/* Begin PBXGroup section */
		04705177294F82E00099C425 = {
			isa = PBXGroup;
			children = (
				04705182294F82E00099C425 /* Twin Game */,
				04705181294F82E00099C425 /* Products */,
			);
			sourceTree = "<group>";
		};
		04705181294F82E00099C425 /* Products */ = {
			isa = PBXGroup;
			children = (
				04705180294F82E00099C425 /* Twin Game.app */,
			);
			name = Products;
			sourceTree = "<group>";
		};
		04705182294F82E00099C425 /* Twin Game */ = {
			isa = PBXGroup;
			children = (
				04705197294F83310099C425 /* Supporting Files */,
				04705187294F82E00099C425 /* TwinViewController.swift */,
				046CFF9C294F986B00480E6A /* Twin.swift */,
				046CFF9E294F98CD00480E6A /* Card.swift */,
				04705189294F82E00099C425 /* Main.storyboard */,
				0404258029638ADA003D10AB /* TwinThemeChooserViewController.swift */,
				04705191294F82E30099C425 /* Info.plist */,
			);
			path = "Twin Game";
			sourceTree = "<group>";
		};
		04705197294F83310099C425 /* Supporting Files */ = {
			isa = PBXGroup;
			children = (
				04705183294F82E00099C425 /* AppDelegate.swift */,
				04705185294F82E00099C425 /* SceneDelegate.swift */,
				0470518C294F82E30099C425 /* Assets.xcassets */,
				0470518E294F82E30099C425 /* LaunchScreen.storyboard */,
			);
			path = "Supporting Files";
			sourceTree = "<group>";
		};
/* End PBXGroup section */

/* Begin PBXNativeTarget section */
		0470517F294F82E00099C425 /* Twin Game */ = {
			isa = PBXNativeTarget;
			buildConfigurationList = 04705194294F82E30099C425 /* Build configuration list for PBXNativeTarget "Twin Game" */;
			buildPhases = (
				0470517C294F82E00099C425 /* Sources */,
				0470517D294F82E00099C425 /* Frameworks */,
				0470517E294F82E00099C425 /* Resources */,
			);
			buildRules = (
			);
			dependencies = (
			);
			name = "Twin Game";
			productName = "Twin Game";
			productReference = 04705180294F82E00099C425 /* Twin Game.app */;
			productType = "com.apple.product-type.application";
		};
/* End PBXNativeTarget section */

/* Begin PBXProject section */
		04705178294F82E00099C425 /* Project object */ = {
			isa = PBXProject;
			attributes = {
				BuildIndependentTargetsInParallel = 1;
				LastSwiftUpdateCheck = 1410;
				LastUpgradeCheck = 1410;
				TargetAttributes = {
					0470517F294F82E00099C425 = {
						CreatedOnToolsVersion = 14.1;
					};
				};
			};
			buildConfigurationList = 0470517B294F82E00099C425 /* Build configuration list for PBXProject "Twin Game" */;
			compatibilityVersion = "Xcode 14.0";
			developmentRegion = en;
			hasScannedForEncodings = 0;
			knownRegions = (
				en,
				Base,
			);
			mainGroup = 04705177294F82E00099C425;
			productRefGroup = 04705181294F82E00099C425 /* Products */;
			projectDirPath = "";
			projectRoot = "";
			targets = (
				0470517F294F82E00099C425 /* Twin Game */,
			);
		};
/* End PBXProject section */

/* Begin PBXResourcesBuildPhase section */
		0470517E294F82E00099C425 /* Resources */ = {
			isa = PBXResourcesBuildPhase;
			buildActionMask = 2147483647;
			files = (
				04705190294F82E30099C425 /* LaunchScreen.storyboard in Resources */,
				0470518D294F82E30099C425 /* Assets.xcassets in Resources */,
				0470518B294F82E00099C425 /* Main.storyboard in Resources */,
			);
			runOnlyForDeploymentPostprocessing = 0;
		};
/* End PBXResourcesBuildPhase section */

/* Begin PBXSourcesBuildPhase section */
		0470517C294F82E00099C425 /* Sources */ = {
			isa = PBXSourcesBuildPhase;
			buildActionMask = 2147483647;
			files = (
				04705188294F82E00099C425 /* TwinViewController.swift in Sources */,
				04705184294F82E00099C425 /* AppDelegate.swift in Sources */,
				0404258129638ADA003D10AB /* TwinThemeChooserViewController.swift in Sources */,
				046CFF9F294F98CD00480E6A /* Card.swift in Sources */,
				04705186294F82E00099C425 /* SceneDelegate.swift in Sources */,
				046CFF9D294F986B00480E6A /* Twin.swift in Sources */,
			);
			runOnlyForDeploymentPostprocessing = 0;
		};
/* End PBXSourcesBuildPhase section */

/* Begin PBXVariantGroup section */
		04705189294F82E00099C425 /* Main.storyboard */ = {
			isa = PBXVariantGroup;
			children = (
				0470518A294F82E00099C425 /* Base */,
			);
			name = Main.storyboard;
			sourceTree = "<group>";
		};
		0470518E294F82E30099C425 /* LaunchScreen.storyboard */ = {
			isa = PBXVariantGroup;
			children = (
				0470518F294F82E30099C425 /* Base */,
			);
			name = LaunchScreen.storyboard;
			sourceTree = "<group>";
		};
/* End PBXVariantGroup section */

/* Begin XCBuildConfiguration section */
		04705192294F82E30099C425 /* Debug */ = {
			isa = XCBuildConfiguration;
			buildSettings = {
				ALWAYS_SEARCH_USER_PATHS = NO;
				CLANG_ANALYZER_NONNULL = YES;
				CLANG_ANALYZER_NUMBER_OBJECT_CONVERSION = YES_AGGRESSIVE;
				CLANG_CXX_LANGUAGE_STANDARD = "gnu++20";
				CLANG_ENABLE_MODULES = YES;
				CLANG_ENABLE_OBJC_ARC = YES;
				CLANG_ENABLE_OBJC_WEAK = YES;
				CLANG_WARN_BLOCK_CAPTURE_AUTORELEASING = YES;
				CLANG_WARN_BOOL_CONVERSION = YES;
				CLANG_WARN_COMMA = YES;
				CLANG_WARN_CONSTANT_CONVERSION = YES;
				CLANG_WARN_DEPRECATED_OBJC_IMPLEMENTATIONS = YES;
				CLANG_WARN_DIRECT_OBJC_ISA_USAGE = YES_ERROR;
				CLANG_WARN_DOCUMENTATION_COMMENTS = YES;
				CLANG_WARN_EMPTY_BODY = YES;
				CLANG_WARN_ENUM_CONVERSION = YES;
				CLANG_WARN_INFINITE_RECURSION = YES;
				CLANG_WARN_INT_CONVERSION = YES;
				CLANG_WARN_NON_LITERAL_NULL_CONVERSION = YES;
				CLANG_WARN_OBJC_IMPLICIT_RETAIN_SELF = YES;
				CLANG_WARN_OBJC_LITERAL_CONVERSION = YES;
				CLANG_WARN_OBJC_ROOT_CLASS = YES_ERROR;
				CLANG_WARN_QUOTED_INCLUDE_IN_FRAMEWORK_HEADER = YES;
				CLANG_WARN_RANGE_LOOP_ANALYSIS = YES;
				CLANG_WARN_STRICT_PROTOTYPES = YES;
				CLANG_WARN_SUSPICIOUS_MOVE = YES;
				CLANG_WARN_UNGUARDED_AVAILABILITY = YES_AGGRESSIVE;
				CLANG_WARN_UNREACHABLE_CODE = YES;
				CLANG_WARN__DUPLICATE_METHOD_MATCH = YES;
				COPY_PHASE_STRIP = NO;
				DEBUG_INFORMATION_FORMAT = dwarf;
				ENABLE_STRICT_OBJC_MSGSEND = YES;
				ENABLE_TESTABILITY = YES;
				GCC_C_LANGUAGE_STANDARD = gnu11;
				GCC_DYNAMIC_NO_PIC = NO;
				GCC_NO_COMMON_BLOCKS = YES;
				GCC_OPTIMIZATION_LEVEL = 0;
				GCC_PREPROCESSOR_DEFINITIONS = (
					"DEBUG=1",
					"$(inherited)",
				);
				GCC_WARN_64_TO_32_BIT_CONVERSION = YES;
				GCC_WARN_ABOUT_RETURN_TYPE = YES_ERROR;
				GCC_WARN_UNDECLARED_SELECTOR = YES;
				GCC_WARN_UNINITIALIZED_AUTOS = YES_AGGRESSIVE;
				GCC_WARN_UNUSED_FUNCTION = YES;
				GCC_WARN_UNUSED_VARIABLE = YES;
				IPHONEOS_DEPLOYMENT_TARGET = 16.1;
				MTL_ENABLE_DEBUG_INFO = INCLUDE_SOURCE;
				MTL_FAST_MATH = YES;
				ONLY_ACTIVE_ARCH = YES;
				SDKROOT = iphoneos;
				SWIFT_ACTIVE_COMPILATION_CONDITIONS = DEBUG;
				SWIFT_OPTIMIZATION_LEVEL = "-Onone";
			};
			name = Debug;
		};
		04705193294F82E30099C425 /* Release */ = {
			isa = XCBuildConfiguration;
			buildSettings = {
				ALWAYS_SEARCH_USER_PATHS = NO;
				CLANG_ANALYZER_NONNULL = YES;
				CLANG_ANALYZER_NUMBER_OBJECT_CONVERSION = YES_AGGRESSIVE;
				CLANG_CXX_LANGUAGE_STANDARD = "gnu++20";
				CLANG_ENABLE_MODULES = YES;
				CLANG_ENABLE_OBJC_ARC = YES;
				CLANG_ENABLE_OBJC_WEAK = YES;
				CLANG_WARN_BLOCK_CAPTURE_AUTORELEASING = YES;
				CLANG_WARN_BOOL_CONVERSION = YES;
				CLANG_WARN_COMMA = YES;
				CLANG_WARN_CONSTANT_CONVERSION = YES;
				CLANG_WARN_DEPRECATED_OBJC_IMPLEMENTATIONS = YES;
				CLANG_WARN_DIRECT_OBJC_ISA_USAGE = YES_ERROR;
				CLANG_WARN_DOCUMENTATION_COMMENTS = YES;
				CLANG_WARN_EMPTY_BODY = YES;
				CLANG_WARN_ENUM_CONVERSION = YES;
				CLANG_WARN_INFINITE_RECURSION = YES;
				CLANG_WARN_INT_CONVERSION = YES;
				CLANG_WARN_NON_LITERAL_NULL_CONVERSION = YES;
				CLANG_WARN_OBJC_IMPLICIT_RETAIN_SELF = YES;
				CLANG_WARN_OBJC_LITERAL_CONVERSION = YES;
				CLANG_WARN_OBJC_ROOT_CLASS = YES_ERROR;
				CLANG_WARN_QUOTED_INCLUDE_IN_FRAMEWORK_HEADER = YES;
				CLANG_WARN_RANGE_LOOP_ANALYSIS = YES;
				CLANG_WARN_STRICT_PROTOTYPES = YES;
				CLANG_WARN_SUSPICIOUS_MOVE = YES;
				CLANG_WARN_UNGUARDED_AVAILABILITY = YES_AGGRESSIVE;
				CLANG_WARN_UNREACHABLE_CODE = YES;
				CLANG_WARN__DUPLICATE_METHOD_MATCH = YES;
				COPY_PHASE_STRIP = NO;
				DEBUG_INFORMATION_FORMAT = "dwarf-with-dsym";
				ENABLE_NS_ASSERTIONS = NO;
				ENABLE_STRICT_OBJC_MSGSEND = YES;
				GCC_C_LANGUAGE_STANDARD = gnu11;
				GCC_NO_COMMON_BLOCKS = YES;
				GCC_WARN_64_TO_32_BIT_CONVERSION = YES;
				GCC_WARN_ABOUT_RETURN_TYPE = YES_ERROR;
				GCC_WARN_UNDECLARED_SELECTOR = YES;
				GCC_WARN_UNINITIALIZED_AUTOS = YES_AGGRESSIVE;
				GCC_WARN_UNUSED_FUNCTION = YES;
				GCC_WARN_UNUSED_VARIABLE = YES;
				IPHONEOS_DEPLOYMENT_TARGET = 16.1;
				MTL_ENABLE_DEBUG_INFO = NO;
				MTL_FAST_MATH = YES;
				SDKROOT = iphoneos;
				SWIFT_COMPILATION_MODE = wholemodule;
				SWIFT_OPTIMIZATION_LEVEL = "-O";
				VALIDATE_PRODUCT = YES;
			};
			name = Release;
		};
		04705195294F82E30099C425 /* Debug */ = {
			isa = XCBuildConfiguration;
			buildSettings = {
				ASSETCATALOG_COMPILER_APPICON_NAME = AppIcon;
				ASSETCATALOG_COMPILER_GLOBAL_ACCENT_COLOR_NAME = AccentColor;
				CODE_SIGN_STYLE = Automatic;
				CURRENT_PROJECT_VERSION = 1;
				DEVELOPMENT_TEAM = 3XK355J24V;
				GENERATE_INFOPLIST_FILE = YES;
				INFOPLIST_FILE = "Twin Game/Info.plist";
				INFOPLIST_KEY_UIApplicationSupportsIndirectInputEvents = YES;
				INFOPLIST_KEY_UILaunchStoryboardName = LaunchScreen;
				INFOPLIST_KEY_UIMainStoryboardFile = Main;
				INFOPLIST_KEY_UISupportedInterfaceOrientations = UIInterfaceOrientationPortrait;
				IPHONEOS_DEPLOYMENT_TARGET = 14.0;
				LD_RUNPATH_SEARCH_PATHS = (
					"$(inherited)",
					"@executable_path/Frameworks",
				);
				MARKETING_VERSION = 1.0;
				PRODUCT_BUNDLE_IDENTIFIER = "gR.Twin-Game";
				PRODUCT_NAME = "$(TARGET_NAME)";
				SWIFT_EMIT_LOC_STRINGS = YES;
				SWIFT_VERSION = 5.0;
				TARGETED_DEVICE_FAMILY = "1,2";
			};
			name = Debug;
		};
		04705196294F82E30099C425 /* Release */ = {
			isa = XCBuildConfiguration;
			buildSettings = {
				ASSETCATALOG_COMPILER_APPICON_NAME = AppIcon;
				ASSETCATALOG_COMPILER_GLOBAL_ACCENT_COLOR_NAME = AccentColor;
				CODE_SIGN_STYLE = Automatic;
				CURRENT_PROJECT_VERSION = 1;
				DEVELOPMENT_TEAM = 3XK355J24V;
				GENERATE_INFOPLIST_FILE = YES;
				INFOPLIST_FILE = "Twin Game/Info.plist";
				INFOPLIST_KEY_UIApplicationSupportsIndirectInputEvents = YES;
				INFOPLIST_KEY_UILaunchStoryboardName = LaunchScreen;
				INFOPLIST_KEY_UIMainStoryboardFile = Main;
				INFOPLIST_KEY_UISupportedInterfaceOrientations = UIInterfaceOrientationPortrait;
				IPHONEOS_DEPLOYMENT_TARGET = 14.0;
				LD_RUNPATH_SEARCH_PATHS = (
					"$(inherited)",
					"@executable_path/Frameworks",
				);
				MARKETING_VERSION = 1.0;
				PRODUCT_BUNDLE_IDENTIFIER = "gR.Twin-Game";
				PRODUCT_NAME = "$(TARGET_NAME)";
				SWIFT_EMIT_LOC_STRINGS = YES;
				SWIFT_VERSION = 5.0;
				TARGETED_DEVICE_FAMILY = "1,2";
			};
			name = Release;
		};
/* End XCBuildConfiguration section */

/* Begin XCConfigurationList section */
		0470517B294F82E00099C425 /* Build configuration list for PBXProject "Twin Game" */ = {
			isa = XCConfigurationList;
			buildConfigurations = (
				04705192294F82E30099C425 /* Debug */,
				04705193294F82E30099C425 /* Release */,
			);
			defaultConfigurationIsVisible = 0;
			defaultConfigurationName = Release;
		};
		04705194294F82E30099C425 /* Build configuration list for PBXNativeTarget "Twin Game" */ = {
			isa = XCConfigurationList;
			buildConfigurations = (
				04705195294F82E30099C425 /* Debug */,
				04705196294F82E30099C425 /* Release */,
			);
			defaultConfigurationIsVisible = 0;
			defaultConfigurationName = Release;
		};
/* End XCConfigurationList section */
	};
	rootObject = 04705178294F82E00099C425 /* Project object */;
}
